// !$*UTF8*$!
{
	archiveVersion = 1;
	classes = {
	};
	objectVersion = 46;
	objects = {

/* Begin PBXBuildFile section */
		44E4F5FF1C44E6C400C56E2A /* main.m in Sources */ = {isa = PBXBuildFile; fileRef = 44E4F5FE1C44E6C400C56E2A /* main.m */; };
		44E4F6021C44E6C400C56E2A /* AppDelegate.m in Sources */ = {isa = PBXBuildFile; fileRef = 44E4F6011C44E6C400C56E2A /* AppDelegate.m */; };
		44E4F6051C44E6C400C56E2A /* ViewController.m in Sources */ = {isa = PBXBuildFile; fileRef = 44E4F6041C44E6C400C56E2A /* ViewController.m */; };
		44E4F6081C44E6C400C56E2A /* Main.storyboard in Resources */ = {isa = PBXBuildFile; fileRef = 44E4F6061C44E6C400C56E2A /* Main.storyboard */; };
		44E4F60B1C44E6C400C56E2A /* ImageZoomDemo.xcdatamodeld in Sources */ = {isa = PBXBuildFile; fileRef = 44E4F6091C44E6C400C56E2A /* ImageZoomDemo.xcdatamodeld */; };
		44E4F60D1C44E6C400C56E2A /* Assets.xcassets in Resources */ = {isa = PBXBuildFile; fileRef = 44E4F60C1C44E6C400C56E2A /* Assets.xcassets */; };
		44E4F6101C44E6C400C56E2A /* LaunchScreen.storyboard in Resources */ = {isa = PBXBuildFile; fileRef = 44E4F60E1C44E6C400C56E2A /* LaunchScreen.storyboard */; };
/* End PBXBuildFile section */

/* Begin PBXFileReference section */
		44E4F5FA1C44E6C400C56E2A /* ImageZoomDemo.app */ = {isa = PBXFileReference; explicitFileType = wrapper.application; includeInIndex = 0; path = ImageZoomDemo.app; sourceTree = BUILT_PRODUCTS_DIR; };
		44E4F5FE1C44E6C400C56E2A /* main.m */ = {isa = PBXFileReference; lastKnownFileType = sourcecode.c.objc; path = main.m; sourceTree = "<group>"; };
		44E4F6001C44E6C400C56E2A /* AppDelegate.h */ = {isa = PBXFileReference; lastKnownFileType = sourcecode.c.h; path = AppDelegate.h; sourceTree = "<group>"; };
		44E4F6011C44E6C400C56E2A /* AppDelegate.m */ = {isa = PBXFileReference; lastKnownFileType = sourcecode.c.objc; path = AppDelegate.m; sourceTree = "<group>"; };
		44E4F6031C44E6C400C56E2A /* ViewController.h */ = {isa = PBXFileReference; lastKnownFileType = sourcecode.c.h; path = ViewController.h; sourceTree = "<group>"; };
		44E4F6041C44E6C400C56E2A /* ViewController.m */ = {isa = PBXFileReference; lastKnownFileType = sourcecode.c.objc; path = ViewController.m; sourceTree = "<group>"; };
		44E4F6071C44E6C400C56E2A /* Base */ = {isa = PBXFileReference; lastKnownFileType = file.storyboard; name = Base; path = Base.lproj/Main.storyboard; sourceTree = "<group>"; };
		44E4F60A1C44E6C400C56E2A /* ImageZoomDemo.xcdatamodel */ = {isa = PBXFileReference; lastKnownFileType = wrapper.xcdatamodel; path = ImageZoomDemo.xcdatamodel; sourceTree = "<group>"; };
		44E4F60C1C44E6C400C56E2A /* Assets.xcassets */ = {isa = PBXFileReference; lastKnownFileType = folder.assetcatalog; path = Assets.xcassets; sourceTree = "<group>"; };
		44E4F60F1C44E6C400C56E2A /* Base */ = {isa = PBXFileReference; lastKnownFileType = file.storyboard; name = Base; path = Base.lproj/LaunchScreen.storyboard; sourceTree = "<group>"; };
		44E4F6111C44E6C400C56E2A /* Info.plist */ = {isa = PBXFileReference; lastKnownFileType = text.plist.xml; path = Info.plist; sourceTree = "<group>"; };
/* End PBXFileReference section */

/* Begin PBXFrameworksBuildPhase section */
		44E4F5F71C44E6C400C56E2A /* Frameworks */ = {
			isa = PBXFrameworksBuildPhase;
			buildActionMask = 2147483647;
			files = (
			);
			runOnlyForDeploymentPostprocessing = 0;
		};
/* End PBXFrameworksBuildPhase section */

/* Begin PBXGroup section */
		44E4F5F11C44E6C400C56E2A = {
			isa = PBXGroup;
			children = (
				44E4F5FC1C44E6C400C56E2A /* ImageZoomDemo */,
				44E4F5FB1C44E6C400C56E2A /* Products */,
			);
			sourceTree = "<group>";
		};
		44E4F5FB1C44E6C400C56E2A /* Products */ = {
			isa = PBXGroup;
			children = (
				44E4F5FA1C44E6C400C56E2A /* ImageZoomDemo.app */,
			);
			name = Products;
			sourceTree = "<group>";
		};
		44E4F5FC1C44E6C400C56E2A /* ImageZoomDemo */ = {
			isa = PBXGroup;
			children = (
				44E4F6001C44E6C400C56E2A /* AppDelegate.h */,
				44E4F6011C44E6C400C56E2A /* AppDelegate.m */,
				44E4F6031C44E6C400C56E2A /* ViewController.h */,
				44E4F6041C44E6C400C56E2A /* ViewController.m */,
				44E4F6061C44E6C400C56E2A /* Main.storyboard */,
				44E4F60C1C44E6C400C56E2A /* Assets.xcassets */,
				44E4F60E1C44E6C400C56E2A /* LaunchScreen.storyboard */,
				44E4F6111C44E6C400C56E2A /* Info.plist */,
				44E4F6091C44E6C400C56E2A /* ImageZoomDemo.xcdatamodeld */,
				44E4F5FD1C44E6C400C56E2A /* Supporting Files */,
			);
			path = ImageZoomDemo;
			sourceTree = "<group>";
		};
		44E4F5FD1C44E6C400C56E2A /* Supporting Files */ = {
			isa = PBXGroup;
			children = (
				44E4F5FE1C44E6C400C56E2A /* main.m */,
			);
			name = "Supporting Files";
			sourceTree = "<group>";
		};
/* End PBXGroup section */

/* Begin PBXNativeTarget section */
		44E4F5F91C44E6C400C56E2A /* ImageZoomDemo */ = {
			isa = PBXNativeTarget;
			buildConfigurationList = 44E4F6141C44E6C400C56E2A /* Build configuration list for PBXNativeTarget "ImageZoomDemo" */;
			buildPhases = (
				44E4F5F61C44E6C400C56E2A /* Sources */,
				44E4F5F71C44E6C400C56E2A /* Frameworks */,
				44E4F5F81C44E6C400C56E2A /* Resources */,
			);
			buildRules = (
			);
			dependencies = (
			);
			name = ImageZoomDemo;
			productName = ImageZoomDemo;
			productReference = 44E4F5FA1C44E6C400C56E2A /* ImageZoomDemo.app */;
			productType = "com.apple.product-type.application";
		};
/* End PBXNativeTarget section */

/* Begin PBXProject section */
		44E4F5F21C44E6C400C56E2A /* Project object */ = {
			isa = PBXProject;
			attributes = {
				LastUpgradeCheck = 0720;
				ORGANIZATIONNAME = Bing;
				TargetAttributes = {
					44E4F5F91C44E6C400C56E2A = {
						CreatedOnToolsVersion = 7.2;
					};
				};
			};
			buildConfigurationList = 44E4F5F51C44E6C400C56E2A /* Build configuration list for PBXProject "ImageZoomDemo" */;
			compatibilityVersion = "Xcode 3.2";
			developmentRegion = English;
			hasScannedForEncodings = 0;
			knownRegions = (
				en,
				Base,
			);
			mainGroup = 44E4F5F11C44E6C400C56E2A;
			productRefGroup = 44E4F5FB1C44E6C400C56E2A /* Products */;
			projectDirPath = "";
			projectRoot = "";
			targets = (
				44E4F5F91C44E6C400C56E2A /* ImageZoomDemo */,
			);
		};
/* End PBXProject section */

/* Begin PBXResourcesBuildPhase section */
		44E4F5F81C44E6C400C56E2A /* Resources */ = {
			isa = PBXResourcesBuildPhase;
			buildActionMask = 2147483647;
			files = (
				44E4F6101C44E6C400C56E2A /* LaunchScreen.storyboard in Resources */,
				44E4F60D1C44E6C400C56E2A /* Assets.xcassets in Resources */,
				44E4F6081C44E6C400C56E2A /* Main.storyboard in Resources */,
			);
			runOnlyForDeploymentPostprocessing = 0;
		};
/* End PBXResourcesBuildPhase section */

/* Begin PBXSourcesBuildPhase section */
		44E4F5F61C44E6C400C56E2A /* Sources */ = {
			isa = PBXSourcesBuildPhase;
			buildActionMask = 2147483647;
			files = (
				44E4F6051C44E6C400C56E2A /* ViewController.m in Sources */,
				44E4F6021C44E6C400C56E2A /* AppDelegate.m in Sources */,
				44E4F5FF1C44E6C400C56E2A /* main.m in Sources */,
				44E4F60B1C44E6C400C56E2A /* ImageZoomDemo.xcdatamodeld in Sources */,
			);
			runOnlyForDeploymentPostprocessing = 0;
		};
/* End PBXSourcesBuildPhase section */

/* Begin PBXVariantGroup section */
		44E4F6061C44E6C400C56E2A /* Main.storyboard */ = {
			isa = PBXVariantGroup;
			children = (
				44E4F6071C44E6C400C56E2A /* Base */,
			);
			name = Main.storyboard;
			sourceTree = "<group>";
		};
		44E4F60E1C44E6C400C56E2A /* LaunchScreen.storyboard */ = {
			isa = PBXVariantGroup;
			children = (
				44E4F60F1C44E6C400C56E2A /* Base */,
			);
			name = LaunchScreen.storyboard;
			sourceTree = "<group>";
		};
/* End PBXVariantGroup section */

/* Begin XCBuildConfiguration section */
		44E4F6121C44E6C400C56E2A /* Debug */ = {
			isa = XCBuildConfiguration;
			buildSettings = {
				ALWAYS_SEARCH_USER_PATHS = NO;
				CLANG_CXX_LANGUAGE_STANDARD = "gnu++0x";
				CLANG_CXX_LIBRARY = "libc++";
				CLANG_ENABLE_MODULES = YES;
				CLANG_ENABLE_OBJC_ARC = YES;
				CLANG_WARN_BOOL_CONVERSION = YES;
				CLANG_WARN_CONSTANT_CONVERSION = YES;
				CLANG_WARN_DIRECT_OBJC_ISA_USAGE = YES_ERROR;
				CLANG_WARN_EMPTY_BODY = YES;
				CLANG_WARN_ENUM_CONVERSION = YES;
				CLANG_WARN_INT_CONVERSION = YES;
				CLANG_WARN_OBJC_ROOT_CLASS = YES_ERROR;
				CLANG_WARN_UNREACHABLE_CODE = YES;
				CLANG_WARN__DUPLICATE_METHOD_MATCH = YES;
				"CODE_SIGN_IDENTITY[sdk=iphoneos*]" = "iPhone Developer";
				COPY_PHASE_STRIP = NO;
				DEBUG_INFORMATION_FORMAT = dwarf;
				ENABLE_STRICT_OBJC_MSGSEND = YES;
				ENABLE_TESTABILITY = YES;
				GCC_C_LANGUAGE_STANDARD = gnu99;
				GCC_DYNAMIC_NO_PIC = NO;
				GCC_NO_COMMON_BLOCKS = YES;
				GCC_OPTIMIZATION_LEVEL = 0;
				GCC_PREPROCESSOR_DEFINITIONS = (
					"DEBUG=1",
					"$(inherited)",
				);
				GCC_WARN_64_TO_32_BIT_CONVERSION = YES;
				GCC_WARN_ABOUT_RETURN_TYPE = YES_ERROR;
				GCC_WARN_UNDECLARED_SELECTOR = YES;
				GCC_WARN_UNINITIALIZED_AUTOS = YES_AGGRESSIVE;
				GCC_WARN_UNUSED_FUNCTION = YES;
				GCC_WARN_UNUSED_VARIABLE = YES;
				IPHONEOS_DEPLOYMENT_TARGET = 9.2;
				MTL_ENABLE_DEBUG_INFO = YES;
				ONLY_ACTIVE_ARCH = YES;
				SDKROOT = iphoneos;
			};
			name = Debug;
		};
		44E4F6131C44E6C400C56E2A /* Release */ = {
			isa = XCBuildConfiguration;
			buildSettings = {
				ALWAYS_SEARCH_USER_PATHS = NO;
				CLANG_CXX_LANGUAGE_STANDARD = "gnu++0x";
				CLANG_CXX_LIBRARY = "libc++";
				CLANG_ENABLE_MODULES = YES;
				CLANG_ENABLE_OBJC_ARC = YES;
				CLANG_WARN_BOOL_CONVERSION = YES;
				CLANG_WARN_CONSTANT_CONVERSION = YES;
				CLANG_WARN_DIRECT_OBJC_ISA_USAGE = YES_ERROR;
				CLANG_WARN_EMPTY_BODY = YES;
				CLANG_WARN_ENUM_CONVERSION = YES;
				CLANG_WARN_INT_CONVERSION = YES;
				CLANG_WARN_OBJC_ROOT_CLASS = YES_ERROR;
				CLANG_WARN_UNREACHABLE_CODE = YES;
				CLANG_WARN__DUPLICATE_METHOD_MATCH = YES;
				"CODE_SIGN_IDENTITY[sdk=iphoneos*]" = "iPhone Developer";
				COPY_PHASE_STRIP = NO;
				DEBUG_INFORMATION_FORMAT = "dwarf-with-dsym";
				ENABLE_NS_ASSERTIONS = NO;
				ENABLE_STRICT_OBJC_MSGSEND = YES;
				GCC_C_LANGUAGE_STANDARD = gnu99;
				GCC_NO_COMMON_BLOCKS = YES;
				GCC_WARN_64_TO_32_BIT_CONVERSION = YES;
				GCC_WARN_ABOUT_RETURN_TYPE = YES_ERROR;
				GCC_WARN_UNDECLARED_SELECTOR = YES;
				GCC_WARN_UNINITIALIZED_AUTOS = YES_AGGRESSIVE;
				GCC_WARN_UNUSED_FUNCTION = YES;
				GCC_WARN_UNUSED_VARIABLE = YES;
				IPHONEOS_DEPLOYMENT_TARGET = 9.2;
				MTL_ENABLE_DEBUG_INFO = NO;
				SDKROOT = iphoneos;
				VALIDATE_PRODUCT = YES;
			};
			name = Release;
		};
		44E4F6151C44E6C400C56E2A /* Debug */ = {
			isa = XCBuildConfiguration;
			buildSettings = {
				ASSETCATALOG_COMPILER_APPICON_NAME = AppIcon;
				INFOPLIST_FILE = ImageZoomDemo/Info.plist;
				LD_RUNPATH_SEARCH_PATHS = "$(inherited) @executable_path/Frameworks";
				PRODUCT_BUNDLE_IDENTIFIER = com.xinfu.ImageZoomDemo;
				PRODUCT_NAME = "$(TARGET_NAME)";
			};
			name = Debug;
		};
		44E4F6161C44E6C400C56E2A /* Release */ = {
			isa = XCBuildConfiguration;
			buildSettings = {
				ASSETCATALOG_COMPILER_APPICON_NAME = AppIcon;
				INFOPLIST_FILE = ImageZoomDemo/Info.plist;
				LD_RUNPATH_SEARCH_PATHS = "$(inherited) @executable_path/Frameworks";
				PRODUCT_BUNDLE_IDENTIFIER = com.xinfu.ImageZoomDemo;
				PRODUCT_NAME = "$(TARGET_NAME)";
			};
			name = Release;
		};
/* End XCBuildConfiguration section */

/* Begin XCConfigurationList section */
		44E4F5F51C44E6C400C56E2A /* Build configuration list for PBXProject "ImageZoomDemo" */ = {
			isa = XCConfigurationList;
			buildConfigurations = (
				44E4F6121C44E6C400C56E2A /* Debug */,
				44E4F6131C44E6C400C56E2A /* Release */,
			);
			defaultConfigurationIsVisible = 0;
			defaultConfigurationName = Release;
		};
		44E4F6141C44E6C400C56E2A /* Build configuration list for PBXNativeTarget "ImageZoomDemo" */ = {
			isa = XCConfigurationList;
			buildConfigurations = (
				44E4F6151C44E6C400C56E2A /* Debug */,
				44E4F6161C44E6C400C56E2A /* Release */,
			);
			defaultConfigurationIsVisible = 0;
		};
/* End XCConfigurationList section */

/* Begin XCVersionGroup section */
		44E4F6091C44E6C400C56E2A /* ImageZoomDemo.xcdatamodeld */ = {
			isa = XCVersionGroup;
			children = (
				44E4F60A1C44E6C400C56E2A /* ImageZoomDemo.xcdatamodel */,
			);
			currentVersion = 44E4F60A1C44E6C400C56E2A /* ImageZoomDemo.xcdatamodel */;
			path = ImageZoomDemo.xcdatamodeld;
			sourceTree = "<group>";
			versionGroupType = wrapper.xcdatamodel;
		};
/* End XCVersionGroup section */
	};
	rootObject = 44E4F5F21C44E6C400C56E2A /* Project object */;
}
